<?xml version="1.0" encoding="utf-8"?>
<Project ToolsVersion="4.0" xmlns="http://schemas.microsoft.com/developer/msbuild/2003">
  <ItemGroup>
    <Filter Include="Quelldateien">
      <UniqueIdentifier>{4FC737F1-C7A5-4376-A066-2A32D752A2FF}</UniqueIdentifier>
      <Extensions>cpp;c;cc;cxx;def;odl;idl;hpj;bat;asm;asmx</Extensions>
    </Filter>
    <Filter Include="Headerdateien">
      <UniqueIdentifier>{93995380-89BD-4b04-88EB-625FBE52EBFB}</UniqueIdentifier>
      <Extensions>h;hh;hpp;hxx;hm;inl;inc;ipp;xsd</Extensions>
    </Filter>
    <Filter Include="Ressourcendateien">
      <UniqueIdentifier>{67DA6AB6-F800-4c08-8B7A-83BB121AAD01}</UniqueIdentifier>
      <Extensions>rc;ico;cur;bmp;dlg;rc2;rct;bin;rgs;gif;jpg;jpeg;jpe;resx;tiff;tif;png;wav;mfcribbon-ms</Extensions>
    </Filter>
  </ItemGroup>
  <ItemGroup>
    <ClCompile Include="mesyDeviceCtrl.cpp">
      <Filter>Quelldateien</Filter>
    </ClCompile>
    <ClCompile Include="CustomOptionDescription.cpp">
      <Filter>Quelldateien</Filter>
    </ClCompile>
    <ClCompile Include="OptionPrinter.cpp">
      <Filter>Quelldateien</Filter>
    </ClCompile>
    <ClCompile Include="coloured_console_sink.cpp">
      <Filter>Quelldateien</Filter>
    </ClCompile>
    <ClCompile Include="simpleLogger.cpp">
      <Filter>Quelldateien</Filter>
    </ClCompile>
    <ClCompile Include="Zweistein.ping.cpp">
      <Filter>Quelldateien</Filter>
    </ClCompile>
  </ItemGroup>
  <ItemGroup>
    <ClInclude Include="Mesytec.hpp">
      <Filter>Headerdateien</Filter>
    </ClInclude>
    <ClInclude Include="Mesytec.listmode.hpp">
      <Filter>Headerdateien</Filter>
    </ClInclude>
    <ClInclude Include="Mesytec.listmode.write.hpp">
      <Filter>Headerdateien</Filter>
    </ClInclude>
    <ClInclude Include="Mesytec.Mcpd8.hpp">
      <Filter>Headerdateien</Filter>
    </ClInclude>
    <ClInclude Include="Zweistein.Event.hpp">
      <Filter>Headerdateien</Filter>
    </ClInclude>
    <ClInclude Include="Zweistein.GetLocalInterfaces.hpp">
      <Filter>Headerdateien</Filter>
    </ClInclude>
    <ClInclude Include="Zweistein.HomePath.hpp">
      <Filter>Headerdateien</Filter>
    </ClInclude>
    <ClInclude Include="Zweistein.PrettyBytes.hpp">
      <Filter>Headerdateien</Filter>
    </ClInclude>
    <ClInclude Include="Zweistein.deHumanizeNumber.hpp">
      <Filter>Headerdateien</Filter>
    </ClInclude>
    <ClInclude Include="Mcpd8.enums.hpp">
      <Filter>Headerdateien</Filter>
    </ClInclude>
    <ClInclude Include="Mcpd8.Parameters.hpp">
      <Filter>Headerdateien</Filter>
    </ClInclude>
    <ClInclude Include="Mcpd8.DataPacket.hpp">
      <Filter>Headerdateien</Filter>
    </ClInclude>
    <ClInclude Include="Mcpd8.CmdPacket.hpp">
      <Filter>Headerdateien</Filter>
    </ClInclude>
    <ClInclude Include="Mesytec.config.hpp">
      <Filter>Headerdateien</Filter>
    </ClInclude>
    <ClInclude Include="Mesytec.enums.Generator.hpp">
      <Filter>Headerdateien</Filter>
    </ClInclude>
    <ClInclude Include="Mesytec.Mpsd8.hpp">
      <Filter>Headerdateien</Filter>
    </ClInclude>
    <ClInclude Include="Mesytec.DeviceParameter.hpp">
      <Filter>Headerdateien</Filter>
    </ClInclude>
    <ClInclude Include="MesytecSystem.Data.hpp">
      <Filter>Headerdateien</Filter>
    </ClInclude>
    <ClInclude Include="Zweistein.Histogram.hpp">
      <Filter>Headerdateien</Filter>
    </ClInclude>
    <ClInclude Include="Zweistein.Locks.hpp">
      <Filter>Headerdateien</Filter>
    </ClInclude>
    <ClInclude Include="Zweistein.populateHistograms.hpp">
      <Filter>Headerdateien</Filter>
    </ClInclude>
    <ClInclude Include="simpleLogger.h">
      <Filter>Headerdateien</Filter>
    </ClInclude>
    <ClInclude Include="Zweistein.displayHistogram.hpp">
      <Filter>Headerdateien</Filter>
    </ClInclude>
    <ClInclude Include="Zweistein.Binning.hpp">
      <Filter>Headerdateien</Filter>
    </ClInclude>
    <ClInclude Include="Zweistein.bitreverse.hpp">
      <Filter>Headerdateien</Filter>
    </ClInclude>
    <ClInclude Include="Zweistein.ThreadPriority.hpp">
      <Filter>Headerdateien</Filter>
    </ClInclude>
    <ClInclude Include="Entangle.Logger.hpp">
      <Filter>Headerdateien</Filter>
    </ClInclude>
    <ClInclude Include="Zweistein.Binning.ApplyOcc.hpp">
      <Filter>Headerdateien</Filter>
    </ClInclude>
    <ClInclude Include="Zweistein.ping.hpp">
      <Filter>Headerdateien</Filter>
    </ClInclude>
  </ItemGroup>
</Project>